// !$*UTF8*$!
{
	archiveVersion = 1;
	classes = {
	};
	objectVersion = 46;
	objects = {

/* Begin PBXBuildFile section */
		312CEC541EC6BCB300A9E8B6 /* RotationViewController.m in Sources */ = {isa = PBXBuildFile; fileRef = 312CEC531EC6BCB300A9E8B6 /* RotationViewController.m */; };
		312CEC571EC6BE1100A9E8B6 /* ScreenEdgePanViewController.m in Sources */ = {isa = PBXBuildFile; fileRef = 312CEC561EC6BE1100A9E8B6 /* ScreenEdgePanViewController.m */; };
		314D7D051EC506C100E9A2F0 /* main.m in Sources */ = {isa = PBXBuildFile; fileRef = 314D7D041EC506C000E9A2F0 /* main.m */; };
		314D7D081EC506C100E9A2F0 /* AppDelegate.m in Sources */ = {isa = PBXBuildFile; fileRef = 314D7D071EC506C100E9A2F0 /* AppDelegate.m */; };
		314D7D0E1EC506C100E9A2F0 /* Main.storyboard in Resources */ = {isa = PBXBuildFile; fileRef = 314D7D0C1EC506C100E9A2F0 /* Main.storyboard */; };
		314D7D101EC506C100E9A2F0 /* Assets.xcassets in Resources */ = {isa = PBXBuildFile; fileRef = 314D7D0F1EC506C100E9A2F0 /* Assets.xcassets */; };
		314D7D131EC506C100E9A2F0 /* LaunchScreen.storyboard in Resources */ = {isa = PBXBuildFile; fileRef = 314D7D111EC506C100E9A2F0 /* LaunchScreen.storyboard */; };
		314D7D241EC50D6C00E9A2F0 /* TapViewController.m in Sources */ = {isa = PBXBuildFile; fileRef = 314D7D231EC50D6C00E9A2F0 /* TapViewController.m */; };
		314D7D271EC50D7B00E9A2F0 /* PanViewController.m in Sources */ = {isa = PBXBuildFile; fileRef = 314D7D261EC50D7B00E9A2F0 /* PanViewController.m */; };
		314D7D2A1EC5195500E9A2F0 /* PinchViewController.m in Sources */ = {isa = PBXBuildFile; fileRef = 314D7D291EC5195500E9A2F0 /* PinchViewController.m */; };
		314D7D2D1EC54B0900E9A2F0 /* SwipeViewController.m in Sources */ = {isa = PBXBuildFile; fileRef = 314D7D2C1EC54B0900E9A2F0 /* SwipeViewController.m */; };
/* End PBXBuildFile section */

/* Begin PBXFileReference section */
		312CEC521EC6BCB300A9E8B6 /* RotationViewController.h */ = {isa = PBXFileReference; fileEncoding = 4; lastKnownFileType = sourcecode.c.h; path = RotationViewController.h; sourceTree = "<group>"; };
		312CEC531EC6BCB300A9E8B6 /* RotationViewController.m */ = {isa = PBXFileReference; fileEncoding = 4; lastKnownFileType = sourcecode.c.objc; path = RotationViewController.m; sourceTree = "<group>"; };
		312CEC551EC6BE1100A9E8B6 /* ScreenEdgePanViewController.h */ = {isa = PBXFileReference; fileEncoding = 4; lastKnownFileType = sourcecode.c.h; path = ScreenEdgePanViewController.h; sourceTree = "<group>"; };
		312CEC561EC6BE1100A9E8B6 /* ScreenEdgePanViewController.m */ = {isa = PBXFileReference; fileEncoding = 4; lastKnownFileType = sourcecode.c.objc; path = ScreenEdgePanViewController.m; sourceTree = "<group>"; };
		314D7D001EC506C000E9A2F0 /* Gestures.app */ = {isa = PBXFileReference; explicitFileType = wrapper.application; includeInIndex = 0; path = Gestures.app; sourceTree = BUILT_PRODUCTS_DIR; };
		314D7D041EC506C000E9A2F0 /* main.m */ = {isa = PBXFileReference; lastKnownFileType = sourcecode.c.objc; path = main.m; sourceTree = "<group>"; };
		314D7D061EC506C100E9A2F0 /* AppDelegate.h */ = {isa = PBXFileReference; lastKnownFileType = sourcecode.c.h; path = AppDelegate.h; sourceTree = "<group>"; };
		314D7D071EC506C100E9A2F0 /* AppDelegate.m */ = {isa = PBXFileReference; lastKnownFileType = sourcecode.c.objc; path = AppDelegate.m; sourceTree = "<group>"; };
		314D7D0D1EC506C100E9A2F0 /* Base */ = {isa = PBXFileReference; lastKnownFileType = file.storyboard; name = Base; path = Base.lproj/Main.storyboard; sourceTree = "<group>"; };
		314D7D0F1EC506C100E9A2F0 /* Assets.xcassets */ = {isa = PBXFileReference; lastKnownFileType = folder.assetcatalog; path = Assets.xcassets; sourceTree = "<group>"; };
		314D7D121EC506C100E9A2F0 /* Base */ = {isa = PBXFileReference; lastKnownFileType = file.storyboard; name = Base; path = Base.lproj/LaunchScreen.storyboard; sourceTree = "<group>"; };
		314D7D141EC506C100E9A2F0 /* Info.plist */ = {isa = PBXFileReference; lastKnownFileType = text.plist.xml; path = Info.plist; sourceTree = "<group>"; };
		314D7D221EC50D6C00E9A2F0 /* TapViewController.h */ = {isa = PBXFileReference; fileEncoding = 4; lastKnownFileType = sourcecode.c.h; name = TapViewController.h; path = ../TapViewController.h; sourceTree = "<group>"; };
		314D7D231EC50D6C00E9A2F0 /* TapViewController.m */ = {isa = PBXFileReference; fileEncoding = 4; lastKnownFileType = sourcecode.c.objc; name = TapViewController.m; path = ../TapViewController.m; sourceTree = "<group>"; };
		314D7D251EC50D7B00E9A2F0 /* PanViewController.h */ = {isa = PBXFileReference; fileEncoding = 4; lastKnownFileType = sourcecode.c.h; name = PanViewController.h; path = ../PanViewController.h; sourceTree = "<group>"; };
		314D7D261EC50D7B00E9A2F0 /* PanViewController.m */ = {isa = PBXFileReference; fileEncoding = 4; lastKnownFileType = sourcecode.c.objc; name = PanViewController.m; path = ../PanViewController.m; sourceTree = "<group>"; };
		314D7D281EC5195500E9A2F0 /* PinchViewController.h */ = {isa = PBXFileReference; fileEncoding = 4; lastKnownFileType = sourcecode.c.h; path = PinchViewController.h; sourceTree = "<group>"; };
		314D7D291EC5195500E9A2F0 /* PinchViewController.m */ = {isa = PBXFileReference; fileEncoding = 4; lastKnownFileType = sourcecode.c.objc; path = PinchViewController.m; sourceTree = "<group>"; };
		314D7D2B1EC54B0900E9A2F0 /* SwipeViewController.h */ = {isa = PBXFileReference; fileEncoding = 4; lastKnownFileType = sourcecode.c.h; path = SwipeViewController.h; sourceTree = "<group>"; };
		314D7D2C1EC54B0900E9A2F0 /* SwipeViewController.m */ = {isa = PBXFileReference; fileEncoding = 4; lastKnownFileType = sourcecode.c.objc; path = SwipeViewController.m; sourceTree = "<group>"; };
/* End PBXFileReference section */

/* Begin PBXFrameworksBuildPhase section */
		314D7CFD1EC506C000E9A2F0 /* Frameworks */ = {
			isa = PBXFrameworksBuildPhase;
			buildActionMask = 2147483647;
			files = (
			);
			runOnlyForDeploymentPostprocessing = 0;
		};
/* End PBXFrameworksBuildPhase section */

/* Begin PBXGroup section */
		314D7CF71EC506C000E9A2F0 = {
			isa = PBXGroup;
			children = (
				314D7D021EC506C000E9A2F0 /* Gestures */,
				314D7D011EC506C000E9A2F0 /* Products */,
			);
			sourceTree = "<group>";
		};
		314D7D011EC506C000E9A2F0 /* Products */ = {
			isa = PBXGroup;
			children = (
				314D7D001EC506C000E9A2F0 /* Gestures.app */,
			);
			name = Products;
			sourceTree = "<group>";
		};
		314D7D021EC506C000E9A2F0 /* Gestures */ = {
			isa = PBXGroup;
			children = (
				314D7D221EC50D6C00E9A2F0 /* TapViewController.h */,
				314D7D231EC50D6C00E9A2F0 /* TapViewController.m */,
				314D7D251EC50D7B00E9A2F0 /* PanViewController.h */,
				314D7D261EC50D7B00E9A2F0 /* PanViewController.m */,
				314D7D281EC5195500E9A2F0 /* PinchViewController.h */,
				314D7D291EC5195500E9A2F0 /* PinchViewController.m */,
				314D7D2B1EC54B0900E9A2F0 /* SwipeViewController.h */,
				314D7D2C1EC54B0900E9A2F0 /* SwipeViewController.m */,
				312CEC521EC6BCB300A9E8B6 /* RotationViewController.h */,
				312CEC531EC6BCB300A9E8B6 /* RotationViewController.m */,
				312CEC551EC6BE1100A9E8B6 /* ScreenEdgePanViewController.h */,
				312CEC561EC6BE1100A9E8B6 /* ScreenEdgePanViewController.m */,
				314D7D0C1EC506C100E9A2F0 /* Main.storyboard */,
				314D7D141EC506C100E9A2F0 /* Info.plist */,
				314D7D031EC506C000E9A2F0 /* Supporting Files */,
			);
			path = Gestures;
			sourceTree = "<group>";
		};
		314D7D031EC506C000E9A2F0 /* Supporting Files */ = {
			isa = PBXGroup;
			children = (
				314D7D0F1EC506C100E9A2F0 /* Assets.xcassets */,
				314D7D111EC506C100E9A2F0 /* LaunchScreen.storyboard */,
				314D7D061EC506C100E9A2F0 /* AppDelegate.h */,
				314D7D071EC506C100E9A2F0 /* AppDelegate.m */,
				314D7D041EC506C000E9A2F0 /* main.m */,
			);
			name = "Supporting Files";
			sourceTree = "<group>";
		};
/* End PBXGroup section */

/* Begin PBXNativeTarget section */
		314D7CFF1EC506C000E9A2F0 /* Gestures */ = {
			isa = PBXNativeTarget;
			buildConfigurationList = 314D7D171EC506C100E9A2F0 /* Build configuration list for PBXNativeTarget "Gestures" */;
			buildPhases = (
				314D7CFC1EC506C000E9A2F0 /* Sources */,
				314D7CFD1EC506C000E9A2F0 /* Frameworks */,
				314D7CFE1EC506C000E9A2F0 /* Resources */,
			);
			buildRules = (
			);
			dependencies = (
			);
			name = Gestures;
			productName = Gestures;
			productReference = 314D7D001EC506C000E9A2F0 /* Gestures.app */;
			productType = "com.apple.product-type.application";
		};
/* End PBXNativeTarget section */

/* Begin PBXProject section */
		314D7CF81EC506C000E9A2F0 /* Project object */ = {
			isa = PBXProject;
			attributes = {
				LastUpgradeCheck = 0830;
				ORGANIZATIONNAME = RushanBenazir;
				TargetAttributes = {
					314D7CFF1EC506C000E9A2F0 = {
						CreatedOnToolsVersion = 8.3.2;
						ProvisioningStyle = Automatic;
					};
				};
			};
			buildConfigurationList = 314D7CFB1EC506C000E9A2F0 /* Build configuration list for PBXProject "Gestures" */;
			compatibilityVersion = "Xcode 3.2";
			developmentRegion = English;
			hasScannedForEncodings = 0;
			knownRegions = (
				en,
				Base,
			);
			mainGroup = 314D7CF71EC506C000E9A2F0;
			productRefGroup = 314D7D011EC506C000E9A2F0 /* Products */;
			projectDirPath = "";
			projectRoot = "";
			targets = (
				314D7CFF1EC506C000E9A2F0 /* Gestures */,
			);
		};
/* End PBXProject section */

/* Begin PBXResourcesBuildPhase section */
		314D7CFE1EC506C000E9A2F0 /* Resources */ = {
			isa = PBXResourcesBuildPhase;
			buildActionMask = 2147483647;
			files = (
				314D7D131EC506C100E9A2F0 /* LaunchScreen.storyboard in Resources */,
				314D7D101EC506C100E9A2F0 /* Assets.xcassets in Resources */,
				314D7D0E1EC506C100E9A2F0 /* Main.storyboard in Resources */,
			);
			runOnlyForDeploymentPostprocessing = 0;
		};
/* End PBXResourcesBuildPhase section */

/* Begin PBXSourcesBuildPhase section */
		314D7CFC1EC506C000E9A2F0 /* Sources */ = {
			isa = PBXSourcesBuildPhase;
			buildActionMask = 2147483647;
			files = (
				314D7D271EC50D7B00E9A2F0 /* PanViewController.m in Sources */,
				314D7D081EC506C100E9A2F0 /* AppDelegate.m in Sources */,
				314D7D2A1EC5195500E9A2F0 /* PinchViewController.m in Sources */,
				312CEC571EC6BE1100A9E8B6 /* ScreenEdgePanViewController.m in Sources */,
				312CEC541EC6BCB300A9E8B6 /* RotationViewController.m in Sources */,
				314D7D2D1EC54B0900E9A2F0 /* SwipeViewController.m in Sources */,
				314D7D051EC506C100E9A2F0 /* main.m in Sources */,
				314D7D241EC50D6C00E9A2F0 /* TapViewController.m in Sources */,
			);
			runOnlyForDeploymentPostprocessing = 0;
		};
/* End PBXSourcesBuildPhase section */

/* Begin PBXVariantGroup section */
		314D7D0C1EC506C100E9A2F0 /* Main.storyboard */ = {
			isa = PBXVariantGroup;
			children = (
				314D7D0D1EC506C100E9A2F0 /* Base */,
			);
			name = Main.storyboard;
			sourceTree = "<group>";
		};
		314D7D111EC506C100E9A2F0 /* LaunchScreen.storyboard */ = {
			isa = PBXVariantGroup;
			children = (
				314D7D121EC506C100E9A2F0 /* Base */,
			);
			name = LaunchScreen.storyboard;
			sourceTree = "<group>";
		};
/* End PBXVariantGroup section */

/* Begin XCBuildConfiguration section */
		314D7D151EC506C100E9A2F0 /* Debug */ = {
			isa = XCBuildConfiguration;
			buildSettings = {
				ALWAYS_SEARCH_USER_PATHS = NO;
				CLANG_ANALYZER_NONNULL = YES;
				CLANG_ANALYZER_NUMBER_OBJECT_CONVERSION = YES_AGGRESSIVE;
				CLANG_CXX_LANGUAGE_STANDARD = "gnu++0x";
				CLANG_CXX_LIBRARY = "libc++";
				CLANG_ENABLE_MODULES = YES;
				CLANG_ENABLE_OBJC_ARC = YES;
				CLANG_WARN_BOOL_CONVERSION = YES;
				CLANG_WARN_CONSTANT_CONVERSION = YES;
				CLANG_WARN_DIRECT_OBJC_ISA_USAGE = YES_ERROR;
				CLANG_WARN_DOCUMENTATION_COMMENTS = YES;
				CLANG_WARN_EMPTY_BODY = YES;
				CLANG_WARN_ENUM_CONVERSION = YES;
				CLANG_WARN_INFINITE_RECURSION = YES;
				CLANG_WARN_INT_CONVERSION = YES;
				CLANG_WARN_OBJC_ROOT_CLASS = YES_ERROR;
				CLANG_WARN_SUSPICIOUS_MOVE = YES;
				CLANG_WARN_UNREACHABLE_CODE = YES;
				CLANG_WARN__DUPLICATE_METHOD_MATCH = YES;
				"CODE_SIGN_IDENTITY[sdk=iphoneos*]" = "iPhone Developer";
				COPY_PHASE_STRIP = NO;
				DEBUG_INFORMATION_FORMAT = dwarf;
				ENABLE_STRICT_OBJC_MSGSEND = YES;
				ENABLE_TESTABILITY = YES;
				GCC_C_LANGUAGE_STANDARD = gnu99;
				GCC_DYNAMIC_NO_PIC = NO;
				GCC_NO_COMMON_BLOCKS = YES;
				GCC_OPTIMIZATION_LEVEL = 0;
				GCC_PREPROCESSOR_DEFINITIONS = (
					"DEBUG=1",
					"$(inherited)",
				);
				GCC_WARN_64_TO_32_BIT_CONVERSION = YES;
				GCC_WARN_ABOUT_RETURN_TYPE = YES_ERROR;
				GCC_WARN_UNDECLARED_SELECTOR = YES;
				GCC_WARN_UNINITIALIZED_AUTOS = YES_AGGRESSIVE;
				GCC_WARN_UNUSED_FUNCTION = YES;
				GCC_WARN_UNUSED_VARIABLE = YES;
				IPHONEOS_DEPLOYMENT_TARGET = 10.3;
				MTL_ENABLE_DEBUG_INFO = YES;
				ONLY_ACTIVE_ARCH = YES;
				SDKROOT = iphoneos;
			};
			name = Debug;
		};
		314D7D161EC506C100E9A2F0 /* Release */ = {
			isa = XCBuildConfiguration;
			buildSettings = {
				ALWAYS_SEARCH_USER_PATHS = NO;
				CLANG_ANALYZER_NONNULL = YES;
				CLANG_ANALYZER_NUMBER_OBJECT_CONVERSION = YES_AGGRESSIVE;
				CLANG_CXX_LANGUAGE_STANDARD = "gnu++0x";
				CLANG_CXX_LIBRARY = "libc++";
				CLANG_ENABLE_MODULES = YES;
				CLANG_ENABLE_OBJC_ARC = YES;
				CLANG_WARN_BOOL_CONVERSION = YES;
				CLANG_WARN_CONSTANT_CONVERSION = YES;
				CLANG_WARN_DIRECT_OBJC_ISA_USAGE = YES_ERROR;
				CLANG_WARN_DOCUMENTATION_COMMENTS = YES;
				CLANG_WARN_EMPTY_BODY = YES;
				CLANG_WARN_ENUM_CONVERSION = YES;
				CLANG_WARN_INFINITE_RECURSION = YES;
				CLANG_WARN_INT_CONVERSION = YES;
				CLANG_WARN_OBJC_ROOT_CLASS = YES_ERROR;
				CLANG_WARN_SUSPICIOUS_MOVE = YES;
				CLANG_WARN_UNREACHABLE_CODE = YES;
				CLANG_WARN__DUPLICATE_METHOD_MATCH = YES;
				"CODE_SIGN_IDENTITY[sdk=iphoneos*]" = "iPhone Developer";
				COPY_PHASE_STRIP = NO;
				DEBUG_INFORMATION_FORMAT = "dwarf-with-dsym";
				ENABLE_NS_ASSERTIONS = NO;
				ENABLE_STRICT_OBJC_MSGSEND = YES;
				GCC_C_LANGUAGE_STANDARD = gnu99;
				GCC_NO_COMMON_BLOCKS = YES;
				GCC_WARN_64_TO_32_BIT_CONVERSION = YES;
				GCC_WARN_ABOUT_RETURN_TYPE = YES_ERROR;
				GCC_WARN_UNDECLARED_SELECTOR = YES;
				GCC_WARN_UNINITIALIZED_AUTOS = YES_AGGRESSIVE;
				GCC_WARN_UNUSED_FUNCTION = YES;
				GCC_WARN_UNUSED_VARIABLE = YES;
				IPHONEOS_DEPLOYMENT_TARGET = 10.3;
				MTL_ENABLE_DEBUG_INFO = NO;
				SDKROOT = iphoneos;
				VALIDATE_PRODUCT = YES;
			};
			name = Release;
		};
		314D7D181EC506C100E9A2F0 /* Debug */ = {
			isa = XCBuildConfiguration;
			buildSettings = {
				ASSETCATALOG_COMPILER_APPICON_NAME = AppIcon;
				INFOPLIST_FILE = Gestures/Info.plist;
				LD_RUNPATH_SEARCH_PATHS = "$(inherited) @executable_path/Frameworks";
				PRODUCT_BUNDLE_IDENTIFIER = RB.Gestures;
				PRODUCT_NAME = "$(TARGET_NAME)";
			};
			name = Debug;
		};
		314D7D191EC506C100E9A2F0 /* Release */ = {
			isa = XCBuildConfiguration;
			buildSettings = {
				ASSETCATALOG_COMPILER_APPICON_NAME = AppIcon;
				INFOPLIST_FILE = Gestures/Info.plist;
				LD_RUNPATH_SEARCH_PATHS = "$(inherited) @executable_path/Frameworks";
				PRODUCT_BUNDLE_IDENTIFIER = RB.Gestures;
				PRODUCT_NAME = "$(TARGET_NAME)";
			};
			name = Release;
		};
/* End XCBuildConfiguration section */

/* Begin XCConfigurationList section */
		314D7CFB1EC506C000E9A2F0 /* Build configuration list for PBXProject "Gestures" */ = {
			isa = XCConfigurationList;
			buildConfigurations = (
				314D7D151EC506C100E9A2F0 /* Debug */,
				314D7D161EC506C100E9A2F0 /* Release */,
			);
			defaultConfigurationIsVisible = 0;
			defaultConfigurationName = Release;
		};
		314D7D171EC506C100E9A2F0 /* Build configuration list for PBXNativeTarget "Gestures" */ = {
			isa = XCConfigurationList;
			buildConfigurations = (
				314D7D181EC506C100E9A2F0 /* Debug */,
				314D7D191EC506C100E9A2F0 /* Release */,
			);
			defaultConfigurationIsVisible = 0;
			defaultConfigurationName = Release;
		};
/* End XCConfigurationList section */
	};
	rootObject = 314D7CF81EC506C000E9A2F0 /* Project object */;
}
